{
  "version": 4,
  "terraform_version": "1.14.8",
  "serial": 42,
  "lineage": "56c2b5f5-80e0-df5a-92a4-166cb32c1491",
  "outputs": {
    "ansible_inventory_hint": {
      "value": "Run: cd ../ansible \u0026\u0026 ./gen_inventory.sh to build inventory from this state",
      "type": "string"
    },
    "blueteam_linux_ips": {
      "value": {
        "SCP-BT-LIN-01": "10.10.10.41",
        "SCP-BT-LIN-02": "10.10.10.42"
      },
      "type": [
        "object",
        {
          "SCP-BT-LIN-01": "string",
          "SCP-BT-LIN-02": "string"
        }
      ]
    },
    "blueteam_windows_ips": {
      "value": {
        "SCP-BT-WIN-01": "10.10.10.31",
        "SCP-BT-WIN-02": "10.10.10.32"
      },
      "type": [
        "object",
        {
          "SCP-BT-WIN-01": "string",
          "SCP-BT-WIN-02": "string"
        }
      ]
    },
    "red_team_ips": {
      "value": {
        "SCP-RED-01": "10.10.100.11",
        "SCP-RED-02": "10.10.100.12",
        "SCP-RED-03": "10.10.100.13",
        "SCP-RED-04": "10.10.100.14"
      },
      "type": [
        "object",
        {
          "SCP-RED-01": "string",
          "SCP-RED-02": "string",
          "SCP-RED-03": "string",
          "SCP-RED-04": "string"
        }
      ]
    },
    "target_linux_ips": {
      "value": {
        "SCP-APACHE-01": "10.10.10.101",
        "SCP-DATABASE-01": "10.10.10.102",
        "SCP-OPENSSH-01": "10.10.10.103",
        "SCP-OPENVPN-01": "10.10.10.104"
      },
      "type": [
        "object",
        {
          "SCP-APACHE-01": "string",
          "SCP-DATABASE-01": "string",
          "SCP-OPENSSH-01": "string",
          "SCP-OPENVPN-01": "string"
        }
      ]
    },
    "target_windows_ips": {
      "value": {
        "SCP-DC-01": "10.10.10.21",
        "SCP-SMB-01": "10.10.10.22",
        "SCP-SMTP-01": "10.10.10.23"
      },
      "type": [
        "object",
        {
          "SCP-DC-01": "string",
          "SCP-SMB-01": "string",
          "SCP-SMTP-01": "string"
        }
      ]
    }
  },
  "resources": [
    {
      "mode": "data",
      "type": "openstack_networking_network_v2",
      "name": "external",
      "provider": "provider[\"registry.terraform.io/terraform-provider-openstack/openstack\"]",
      "instances": [
        {
          "schema_version": 0,
          "attributes": {
            "admin_state_up": "true",
            "all_tags": [],
            "availability_zone_hints": [],
            "description": "",
            "dns_domain": "",
            "external": true,
            "id": "2f96295c-34f6-49a2-b5cf-7f5b407be0c8",
            "matching_subnet_cidr": null,
            "mtu": 1500,
            "name": "MAIN-NAT",
            "network_id": null,
            "region": "CyberRange",
            "segments": [],
            "shared": "true",
            "status": null,
            "subnets": [
              "fbf166e0-4b80-420b-b346-521e5a06ad0e"
            ],
            "tags": null,
            "tenant_id": "488a9396dd1346418c077d5e8b299ca7",
            "transparent_vlan": false
          },
          "sensitive_attributes": [],
          "identity_schema_version": 0
        }
      ]
    },
    {
      "mode": "managed",
      "type": "openstack_compute_instance_v2",
      "name": "bt_linux",
      "provider": "provider[\"registry.terraform.io/terraform-provider-openstack/openstack\"]",
      "instances": [
        {
          "index_key": "SCP-BT-LIN-01",
          "schema_version": 0,
          "attributes": {
            "access_ip_v4": "10.10.10.41",
            "access_ip_v6": "",
            "admin_pass": null,
            "all_metadata": {
              "role": "blueteam-linux",
              "subnet": "target"
            },
            "all_tags": [],
            "availability_zone": "nova",
            "availability_zone_hints": null,
            "block_device": [],
            "config_drive": null,
            "created": "2026-04-12 15:25:40 +0000 UTC",
            "flavor_id": "3a8045cb-65c0-4012-907f-860108451664",
            "flavor_name": "medium.6gb",
            "force_delete": false,
            "id": "9999e351-aedb-412c-a3b7-bf454611ee4b",
            "image_id": "1cde3ec3-03d3-4c17-a512-d3799ae92dad",
            "image_name": "Ubuntu2404Desktop",
            "key_pair": "scp-lab-key",
            "metadata": {
              "role": "blueteam-linux",
              "subnet": "target"
            },
            "name": "SCP-BT-LIN-01",
            "network": [
              {
                "access_network": false,
                "fixed_ip_v4": "10.10.10.41",
                "fixed_ip_v6": "",
                "mac": "fa:16:3e:79:aa:fc",
                "name": "scp-target-net",
                "port": "",
                "uuid": "eca242aa-b9aa-4d10-a35f-5a74b4e668f7"
              }
            ],
            "network_mode": null,
            "personality": [],
            "power_state": "active",
            "region": "CyberRange",
            "scheduler_hints": [],
            "security_groups": [
              "scp-target-sg"
            ],
            "stop_before_destroy": false,
            "tags": null,
            "timeouts": null,
            "updated": "2026-04-12 15:26:06 +0000 UTC",
            "user_data": null,
            "vendor_options": []
          },
          "sensitive_attributes": [
            [
              {
                "type": "get_attr",
                "value": "admin_pass"
              }
            ]
          ],
          "identity_schema_version": 0,
          "private": "eyJlMmJmYjczMC1lY2FhLTExZTYtOGY4OC0zNDM2M2JjN2M0YzAiOnsiY3JlYXRlIjoxODAwMDAwMDAwMDAwLCJkZWxldGUiOjE4MDAwMDAwMDAwMDAsInVwZGF0ZSI6MTgwMDAwMDAwMDAwMH19",
          "dependencies": [
            "openstack_compute_keypair_v2.scp_key",
            "openstack_networking_network_v2.target_net",
            "openstack_networking_secgroup_v2.target_sg"
          ]
        },
        {
          "index_key": "SCP-BT-LIN-02",
          "schema_version": 0,
          "attributes": {
            "access_ip_v4": "10.10.10.42",
            "access_ip_v6": "",
            "admin_pass": null,
            "all_metadata": {
              "role": "blueteam-linux",
              "subnet": "target"
            },
            "all_tags": [],
            "availability_zone": "nova",
            "availability_zone_hints": null,
            "block_device": [],
            "config_drive": null,
            "created": "2026-04-12 15:25:40 +0000 UTC",
            "flavor_id": "3a8045cb-65c0-4012-907f-860108451664",
            "flavor_name": "medium.6gb",
            "force_delete": false,
            "id": "f1c6e208-0d22-46e3-9499-2848ecf1ce69",
            "image_id": "1cde3ec3-03d3-4c17-a512-d3799ae92dad",
            "image_name": "Ubuntu2404Desktop",
            "key_pair": "scp-lab-key",
            "metadata": {
              "role": "blueteam-linux",
              "subnet": "target"
            },
            "name": "SCP-BT-LIN-02",
            "network": [
              {
                "access_network": false,
                "fixed_ip_v4": "10.10.10.42",
                "fixed_ip_v6": "",
                "mac": "fa:16:3e:fd:f6:27",
                "name": "scp-target-net",
                "port": "",
                "uuid": "eca242aa-b9aa-4d10-a35f-5a74b4e668f7"
              }
            ],
            "network_mode": null,
            "personality": [],
            "power_state": "active",
            "region": "CyberRange",
            "scheduler_hints": [],
            "security_groups": [
              "scp-target-sg"
            ],
            "stop_before_destroy": false,
            "tags": null,
            "timeouts": null,
            "updated": "2026-04-12 15:26:11 +0000 UTC",
            "user_data": null,
            "vendor_options": []
          },
          "sensitive_attributes": [
            [
              {
                "type": "get_attr",
                "value": "admin_pass"
              }
            ]
          ],
          "identity_schema_version": 0,
          "private": "eyJlMmJmYjczMC1lY2FhLTExZTYtOGY4OC0zNDM2M2JjN2M0YzAiOnsiY3JlYXRlIjoxODAwMDAwMDAwMDAwLCJkZWxldGUiOjE4MDAwMDAwMDAwMDAsInVwZGF0ZSI6MTgwMDAwMDAwMDAwMH19",
          "dependencies": [
            "openstack_compute_keypair_v2.scp_key",
            "openstack_networking_network_v2.target_net",
            "openstack_networking_secgroup_v2.target_sg"
          ]
        }
      ]
    },
    {
      "mode": "managed",
      "type": "openstack_compute_instance_v2",
      "name": "bt_windows",
      "provider": "provider[\"registry.terraform.io/terraform-provider-openstack/openstack\"]",
      "instances": [
        {
          "index_key": "SCP-BT-WIN-01",
          "schema_version": 0,
          "attributes": {
            "access_ip_v4": "10.10.10.31",
            "access_ip_v6": "",
            "admin_pass": null,
            "all_metadata": {
              "role": "blueteam-windows",
              "subnet": "target"
            },
            "all_tags": [],
            "availability_zone": "nova",
            "availability_zone_hints": null,
            "block_device": [],
            "config_drive": null,
            "created": "2026-04-12 15:25:40 +0000 UTC",
            "flavor_id": "3a8045cb-65c0-4012-907f-860108451664",
            "flavor_name": "medium.6gb",
            "force_delete": false,
            "id": "baf4d696-3ee8-412d-8299-1f8eb1249587",
            "image_id": "9cfe13f7-4938-4a24-a7cf-bbacf07b40ee",
            "image_name": "WindowsServer2019",
            "key_pair": "scp-lab-key",
            "metadata": {
              "role": "blueteam-windows",
              "subnet": "target"
            },
            "name": "SCP-BT-WIN-01",
            "network": [
              {
                "access_network": false,
                "fixed_ip_v4": "10.10.10.31",
                "fixed_ip_v6": "",
                "mac": "fa:16:3e:e3:3a:7c",
                "name": "scp-target-net",
                "port": "",
                "uuid": "eca242aa-b9aa-4d10-a35f-5a74b4e668f7"
              }
            ],
            "network_mode": null,
            "personality": [],
            "power_state": "active",
            "region": "CyberRange",
            "scheduler_hints": [],
            "security_groups": [
              "scp-target-sg"
            ],
            "stop_before_destroy": false,
            "tags": null,
            "timeouts": null,
            "updated": "2026-04-12 15:25:56 +0000 UTC",
            "user_data": "43566de60ca4e9236a7f2fc81f2b68e6c7af3e2f",
            "vendor_options": []
          },
          "sensitive_attributes": [
            [
              {
                "type": "get_attr",
                "value": "admin_pass"
              }
            ]
          ],
          "identity_schema_version": 0,
          "private": "eyJlMmJmYjczMC1lY2FhLTExZTYtOGY4OC0zNDM2M2JjN2M0YzAiOnsiY3JlYXRlIjoxODAwMDAwMDAwMDAwLCJkZWxldGUiOjE4MDAwMDAwMDAwMDAsInVwZGF0ZSI6MTgwMDAwMDAwMDAwMH19",
          "dependencies": [
            "openstack_compute_keypair_v2.scp_key",
            "openstack_networking_network_v2.target_net",
            "openstack_networking_secgroup_v2.target_sg"
          ]
        },
        {
          "index_key": "SCP-BT-WIN-02",
          "schema_version": 0,
          "attributes": {
            "access_ip_v4": "10.10.10.32",
            "access_ip_v6": "",
            "admin_pass": null,
            "all_metadata": {
              "role": "blueteam-windows",
              "subnet": "target"
            },
            "all_tags": [],
            "availability_zone": "nova",
            "availability_zone_hints": null,
            "block_device": [],
            "config_drive": null,
            "created": "2026-04-12 15:25:40 +0000 UTC",
            "flavor_id": "3a8045cb-65c0-4012-907f-860108451664",
            "flavor_name": "medium.6gb",
            "force_delete": false,
            "id": "d49d6d9e-d857-4213-a40c-36880e460945",
            "image_id": "9cfe13f7-4938-4a24-a7cf-bbacf07b40ee",
            "image_name": "WindowsServer2019",
            "key_pair": "scp-lab-key",
            "metadata": {
              "role": "blueteam-windows",
              "subnet": "target"
            },
            "name": "SCP-BT-WIN-02",
            "network": [
              {
                "access_network": false,
                "fixed_ip_v4": "10.10.10.32",
                "fixed_ip_v6": "",
                "mac": "fa:16:3e:37:e1:f7",
                "name": "scp-target-net",
                "port": "",
                "uuid": "eca242aa-b9aa-4d10-a35f-5a74b4e668f7"
              }
            ],
            "network_mode": null,
            "personality": [],
            "power_state": "active",
            "region": "CyberRange",
            "scheduler_hints": [],
            "security_groups": [
              "scp-target-sg"
            ],
            "stop_before_destroy": false,
            "tags": null,
            "timeouts": null,
            "updated": "2026-04-12 15:26:00 +0000 UTC",
            "user_data": "0b72fdfc6b810095fddbdd3fb2e81a7782a696d6",
            "vendor_options": []
          },
          "sensitive_attributes": [
            [
              {
                "type": "get_attr",
                "value": "admin_pass"
              }
            ]
          ],
          "identity_schema_version": 0,
          "private": "eyJlMmJmYjczMC1lY2FhLTExZTYtOGY4OC0zNDM2M2JjN2M0YzAiOnsiY3JlYXRlIjoxODAwMDAwMDAwMDAwLCJkZWxldGUiOjE4MDAwMDAwMDAwMDAsInVwZGF0ZSI6MTgwMDAwMDAwMDAwMH19",
          "dependencies": [
            "openstack_compute_keypair_v2.scp_key",
            "openstack_networking_network_v2.target_net",
            "openstack_networking_secgroup_v2.target_sg"
          ]
        }
      ]
    },
    {
      "mode": "managed",
      "type": "openstack_compute_instance_v2",
      "name": "red_machines",
      "provider": "provider[\"registry.terraform.io/terraform-provider-openstack/openstack\"]",
      "instances": [
        {
          "index_key": "SCP-RED-01",
          "schema_version": 0,
          "attributes": {
            "access_ip_v4": "10.10.100.11",
            "access_ip_v6": "",
            "admin_pass": null,
            "all_metadata": {
              "role": "redteam",
              "subnet": "red"
            },
            "all_tags": [],
            "availability_zone": "nova",
            "availability_zone_hints": null,
            "block_device": [],
            "config_drive": null,
            "created": "2026-04-12 15:20:29 +0000 UTC",
            "flavor_id": "0e7e2bcf-9a19-40e2-adde-f4da89263a66",
            "flavor_name": "large.12gb",
            "force_delete": false,
            "id": "3cad9e29-a3c3-408f-afbc-812f0a0925f8",
            "image_id": "56900eb1-e0b2-46fc-ac61-4839f231eb4d",
            "image_name": "Kali2025",
            "key_pair": "scp-lab-key",
            "metadata": {
              "role": "redteam",
              "subnet": "red"
            },
            "name": "SCP-RED-01",
            "network": [
              {
                "access_network": false,
                "fixed_ip_v4": "10.10.100.11",
                "fixed_ip_v6": "",
                "mac": "fa:16:3e:95:c2:32",
                "name": "scp-red-net",
                "port": "",
                "uuid": "0b434052-6d29-4e9f-99ce-410f0672c828"
              }
            ],
            "network_mode": null,
            "personality": [],
            "power_state": "active",
            "region": "CyberRange",
            "scheduler_hints": [],
            "security_groups": [
              "scp-red-sg"
            ],
            "stop_before_destroy": false,
            "tags": [],
            "timeouts": null,
            "updated": "2026-04-12 15:20:46 +0000 UTC",
            "user_data": null,
            "vendor_options": []
          },
          "sensitive_attributes": [
            [
              {
                "type": "get_attr",
                "value": "admin_pass"
              }
            ]
          ],
          "identity_schema_version": 0,
          "private": "eyJlMmJmYjczMC1lY2FhLTExZTYtOGY4OC0zNDM2M2JjN2M0YzAiOnsiY3JlYXRlIjoxODAwMDAwMDAwMDAwLCJkZWxldGUiOjE4MDAwMDAwMDAwMDAsInVwZGF0ZSI6MTgwMDAwMDAwMDAwMH19",
          "dependencies": [
            "openstack_compute_keypair_v2.scp_key",
            "openstack_networking_network_v2.red_net",
            "openstack_networking_secgroup_v2.red_sg"
          ]
        },
        {
          "index_key": "SCP-RED-02",
          "schema_version": 0,
          "attributes": {
            "access_ip_v4": "10.10.100.12",
            "access_ip_v6": "",
            "admin_pass": null,
            "all_metadata": {
              "role": "redteam",
              "subnet": "red"
            },
            "all_tags": [],
            "availability_zone": "nova",
            "availability_zone_hints": null,
            "block_device": [],
            "config_drive": null,
            "created": "2026-04-12 15:20:25 +0000 UTC",
            "flavor_id": "0e7e2bcf-9a19-40e2-adde-f4da89263a66",
            "flavor_name": "large.12gb",
            "force_delete": false,
            "id": "31658ffc-0071-442d-a9b0-349ddb0a4a26",
            "image_id": "56900eb1-e0b2-46fc-ac61-4839f231eb4d",
            "image_name": "Kali2025",
            "key_pair": "scp-lab-key",
            "metadata": {
              "role": "redteam",
              "subnet": "red"
            },
            "name": "SCP-RED-02",
            "network": [
              {
                "access_network": false,
                "fixed_ip_v4": "10.10.100.12",
                "fixed_ip_v6": "",
                "mac": "fa:16:3e:cb:c2:a9",
                "name": "scp-red-net",
                "port": "",
                "uuid": "0b434052-6d29-4e9f-99ce-410f0672c828"
              }
            ],
            "network_mode": null,
            "personality": [],
            "power_state": "active",
            "region": "CyberRange",
            "scheduler_hints": [],
            "security_groups": [
              "scp-red-sg"
            ],
            "stop_before_destroy": false,
            "tags": [],
            "timeouts": null,
            "updated": "2026-04-12 15:21:13 +0000 UTC",
            "user_data": null,
            "vendor_options": []
          },
          "sensitive_attributes": [
            [
              {
                "type": "get_attr",
                "value": "admin_pass"
              }
            ]
          ],
          "identity_schema_version": 0,
          "private": "eyJlMmJmYjczMC1lY2FhLTExZTYtOGY4OC0zNDM2M2JjN2M0YzAiOnsiY3JlYXRlIjoxODAwMDAwMDAwMDAwLCJkZWxldGUiOjE4MDAwMDAwMDAwMDAsInVwZGF0ZSI6MTgwMDAwMDAwMDAwMH19",
          "dependencies": [
            "openstack_compute_keypair_v2.scp_key",
            "openstack_networking_network_v2.red_net",
            "openstack_networking_secgroup_v2.red_sg"
          ]
        },
        {
          "index_key": "SCP-RED-03",
          "schema_version": 0,
          "attributes": {
            "access_ip_v4": "10.10.100.13",
            "access_ip_v6": "",
            "admin_pass": null,
            "all_metadata": {
              "role": "redteam",
              "subnet": "red"
            },
            "all_tags": [],
            "availability_zone": "nova",
            "availability_zone_hints": null,
            "block_device": [],
            "config_drive": null,
            "created": "2026-04-12 15:20:27 +0000 UTC",
            "flavor_id": "0e7e2bcf-9a19-40e2-adde-f4da89263a66",
            "flavor_name": "large.12gb",
            "force_delete": false,
            "id": "4a33f035-5963-48ea-89aa-95b31b87ab85",
            "image_id": "56900eb1-e0b2-46fc-ac61-4839f231eb4d",
            "image_name": "Kali2025",
            "key_pair": "scp-lab-key",
            "metadata": {
              "role": "redteam",
              "subnet": "red"
            },
            "name": "SCP-RED-03",
            "network": [
              {
                "access_network": false,
                "fixed_ip_v4": "10.10.100.13",
                "fixed_ip_v6": "",
                "mac": "fa:16:3e:4b:ae:67",
                "name": "scp-red-net",
                "port": "",
                "uuid": "0b434052-6d29-4e9f-99ce-410f0672c828"
              }
            ],
            "network_mode": null,
            "personality": [],
            "power_state": "active",
            "region": "CyberRange",
            "scheduler_hints": [],
            "security_groups": [
              "scp-red-sg"
            ],
            "stop_before_destroy": false,
            "tags": [],
            "timeouts": null,
            "updated": "2026-04-12 15:21:18 +0000 UTC",
            "user_data": null,
            "vendor_options": []
          },
          "sensitive_attributes": [
            [
              {
                "type": "get_attr",
                "value": "admin_pass"
              }
            ]
          ],
          "identity_schema_version": 0,
          "private": "eyJlMmJmYjczMC1lY2FhLTExZTYtOGY4OC0zNDM2M2JjN2M0YzAiOnsiY3JlYXRlIjoxODAwMDAwMDAwMDAwLCJkZWxldGUiOjE4MDAwMDAwMDAwMDAsInVwZGF0ZSI6MTgwMDAwMDAwMDAwMH19",
          "dependencies": [
            "openstack_compute_keypair_v2.scp_key",
            "openstack_networking_network_v2.red_net",
            "openstack_networking_secgroup_v2.red_sg"
          ]
        },
        {
          "index_key": "SCP-RED-04",
          "schema_version": 0,
          "attributes": {
            "access_ip_v4": "10.10.100.14",
            "access_ip_v6": "",
            "admin_pass": null,
            "all_metadata": {
              "role": "redteam",
              "subnet": "red"
            },
            "all_tags": [],
            "availability_zone": "nova",
            "availability_zone_hints": null,
            "block_device": [],
            "config_drive": null,
            "created": "2026-04-12 15:20:43 +0000 UTC",
            "flavor_id": "0e7e2bcf-9a19-40e2-adde-f4da89263a66",
            "flavor_name": "large.12gb",
            "force_delete": false,
            "id": "e8b66bda-2fb6-4cf7-a42e-0954ac5c1f0e",
            "image_id": "56900eb1-e0b2-46fc-ac61-4839f231eb4d",
            "image_name": "Kali2025",
            "key_pair": "scp-lab-key",
            "metadata": {
              "role": "redteam",
              "subnet": "red"
            },
            "name": "SCP-RED-04",
            "network": [
              {
                "access_network": false,
                "fixed_ip_v4": "10.10.100.14",
                "fixed_ip_v6": "",
                "mac": "fa:16:3e:06:5d:f5",
                "name": "scp-red-net",
                "port": "",
                "uuid": "0b434052-6d29-4e9f-99ce-410f0672c828"
              }
            ],
            "network_mode": null,
            "personality": [],
            "power_state": "active",
            "region": "CyberRange",
            "scheduler_hints": [],
            "security_groups": [
              "scp-red-sg"
            ],
            "stop_before_destroy": false,
            "tags": [],
            "timeouts": null,
            "updated": "2026-04-12 15:20:59 +0000 UTC",
            "user_data": null,
            "vendor_options": []
          },
          "sensitive_attributes": [
            [
              {
                "type": "get_attr",
                "value": "admin_pass"
              }
            ]
          ],
          "identity_schema_version": 0,
          "private": "eyJlMmJmYjczMC1lY2FhLTExZTYtOGY4OC0zNDM2M2JjN2M0YzAiOnsiY3JlYXRlIjoxODAwMDAwMDAwMDAwLCJkZWxldGUiOjE4MDAwMDAwMDAwMDAsInVwZGF0ZSI6MTgwMDAwMDAwMDAwMH19",
          "dependencies": [
            "openstack_compute_keypair_v2.scp_key",
            "openstack_networking_network_v2.red_net",
            "openstack_networking_secgroup_v2.red_sg"
          ]
        }
      ]
    },
    {
      "mode": "managed",
      "type": "openstack_compute_instance_v2",
      "name": "target_linux",
      "provider": "provider[\"registry.terraform.io/terraform-provider-openstack/openstack\"]",
      "instances": [
        {
          "index_key": "SCP-APACHE-01",
          "schema_version": 0,
          "attributes": {
            "access_ip_v4": "10.10.10.101",
            "access_ip_v6": "",
            "admin_pass": null,
            "all_metadata": {
              "role": "target-linux",
              "subnet": "target"
            },
            "all_tags": [],
            "availability_zone": "nova",
            "availability_zone_hints": null,
            "block_device": [],
            "config_drive": null,
            "created": "2026-04-12 15:20:23 +0000 UTC",
            "flavor_id": "3a8045cb-65c0-4012-907f-860108451664",
            "flavor_name": "medium.6gb",
            "force_delete": false,
            "id": "79f24dc9-e218-4f1f-9e7a-a8f46ed8e643",
            "image_id": "865d8624-6139-4447-bc34-312399c9d929",
            "image_name": "DebianTrixie13",
            "key_pair": "scp-lab-key",
            "metadata": {
              "role": "target-linux",
              "subnet": "target"
            },
            "name": "SCP-APACHE-01",
            "network": [
              {
                "access_network": false,
                "fixed_ip_v4": "10.10.10.101",
                "fixed_ip_v6": "",
                "mac": "fa:16:3e:bf:03:f6",
                "name": "scp-target-net",
                "port": "",
                "uuid": "eca242aa-b9aa-4d10-a35f-5a74b4e668f7"
              }
            ],
            "network_mode": null,
            "personality": [],
            "power_state": "active",
            "region": "CyberRange",
            "scheduler_hints": [],
            "security_groups": [
              "scp-target-sg"
            ],
            "stop_before_destroy": false,
            "tags": [],
            "timeouts": null,
            "updated": "2026-04-12 15:20:53 +0000 UTC",
            "user_data": null,
            "vendor_options": []
          },
          "sensitive_attributes": [
            [
              {
                "type": "get_attr",
                "value": "admin_pass"
              }
            ]
          ],
          "identity_schema_version": 0,
          "private": "eyJlMmJmYjczMC1lY2FhLTExZTYtOGY4OC0zNDM2M2JjN2M0YzAiOnsiY3JlYXRlIjoxODAwMDAwMDAwMDAwLCJkZWxldGUiOjE4MDAwMDAwMDAwMDAsInVwZGF0ZSI6MTgwMDAwMDAwMDAwMH19",
          "dependencies": [
            "openstack_compute_keypair_v2.scp_key",
            "openstack_networking_network_v2.target_net",
            "openstack_networking_secgroup_v2.target_sg"
          ]
        },
        {
          "index_key": "SCP-DATABASE-01",
          "schema_version": 0,
          "attributes": {
            "access_ip_v4": "10.10.10.102",
            "access_ip_v6": "",
            "admin_pass": null,
            "all_metadata": {
              "role": "target-linux",
              "subnet": "target"
            },
            "all_tags": [],
            "availability_zone": "nova",
            "availability_zone_hints": null,
            "block_device": [],
            "config_drive": null,
            "created": "2026-04-12 15:20:23 +0000 UTC",
            "flavor_id": "3a8045cb-65c0-4012-907f-860108451664",
            "flavor_name": "medium.6gb",
            "force_delete": false,
            "id": "ce6294dd-a3c9-4e3e-bbc1-7a2f363057c8",
            "image_id": "865d8624-6139-4447-bc34-312399c9d929",
            "image_name": "DebianTrixie13",
            "key_pair": "scp-lab-key",
            "metadata": {
              "role": "target-linux",
              "subnet": "target"
            },
            "name": "SCP-DATABASE-01",
            "network": [
              {
                "access_network": false,
                "fixed_ip_v4": "10.10.10.102",
                "fixed_ip_v6": "",
                "mac": "fa:16:3e:68:2f:41",
                "name": "scp-target-net",
                "port": "",
                "uuid": "eca242aa-b9aa-4d10-a35f-5a74b4e668f7"
              }
            ],
            "network_mode": null,
            "personality": [],
            "power_state": "active",
            "region": "CyberRange",
            "scheduler_hints": [],
            "security_groups": [
              "scp-target-sg"
            ],
            "stop_before_destroy": false,
            "tags": [],
            "timeouts": null,
            "updated": "2026-04-12 15:20:39 +0000 UTC",
            "user_data": null,
            "vendor_options": []
          },
          "sensitive_attributes": [
            [
              {
                "type": "get_attr",
                "value": "admin_pass"
              }
            ]
          ],
          "identity_schema_version": 0,
          "private": "eyJlMmJmYjczMC1lY2FhLTExZTYtOGY4OC0zNDM2M2JjN2M0YzAiOnsiY3JlYXRlIjoxODAwMDAwMDAwMDAwLCJkZWxldGUiOjE4MDAwMDAwMDAwMDAsInVwZGF0ZSI6MTgwMDAwMDAwMDAwMH19",
          "dependencies": [
            "openstack_compute_keypair_v2.scp_key",
            "openstack_networking_network_v2.target_net",
            "openstack_networking_secgroup_v2.target_sg"
          ]
        },
        {
          "index_key": "SCP-OPENSSH-01",
          "schema_version": 0,
          "attributes": {
            "access_ip_v4": "10.10.10.103",
            "access_ip_v6": "",
            "admin_pass": null,
            "all_metadata": {
              "role": "target-linux",
              "subnet": "target"
            },
            "all_tags": [],
            "availability_zone": "nova",
            "availability_zone_hints": null,
            "block_device": [],
            "config_drive": null,
            "created": "2026-04-12 15:20:23 +0000 UTC",
            "flavor_id": "3a8045cb-65c0-4012-907f-860108451664",
            "flavor_name": "medium.6gb",
            "force_delete": false,
            "id": "5e84cb05-99f8-45bf-9078-93874de1a38c",
            "image_id": "e1aee242-e9e2-4e49-bd56-5762130f2b30",
            "image_name": "rockylinux-10-server",
            "key_pair": "scp-lab-key",
            "metadata": {
              "role": "target-linux",
              "subnet": "target"
            },
            "name": "SCP-OPENSSH-01",
            "network": [
              {
                "access_network": false,
                "fixed_ip_v4": "10.10.10.103",
                "fixed_ip_v6": "",
                "mac": "fa:16:3e:c0:3c:3e",
                "name": "scp-target-net",
                "port": "",
                "uuid": "eca242aa-b9aa-4d10-a35f-5a74b4e668f7"
              }
            ],
            "network_mode": null,
            "personality": [],
            "power_state": "active",
            "region": "CyberRange",
            "scheduler_hints": [],
            "security_groups": [
              "scp-target-sg"
            ],
            "stop_before_destroy": false,
            "tags": [],
            "timeouts": null,
            "updated": "2026-04-12 15:21:03 +0000 UTC",
            "user_data": null,
            "vendor_options": []
          },
          "sensitive_attributes": [
            [
              {
                "type": "get_attr",
                "value": "admin_pass"
              }
            ]
          ],
          "identity_schema_version": 0,
          "private": "eyJlMmJmYjczMC1lY2FhLTExZTYtOGY4OC0zNDM2M2JjN2M0YzAiOnsiY3JlYXRlIjoxODAwMDAwMDAwMDAwLCJkZWxldGUiOjE4MDAwMDAwMDAwMDAsInVwZGF0ZSI6MTgwMDAwMDAwMDAwMH19",
          "dependencies": [
            "openstack_compute_keypair_v2.scp_key",
            "openstack_networking_network_v2.target_net",
            "openstack_networking_secgroup_v2.target_sg"
          ]
        },
        {
          "index_key": "SCP-OPENVPN-01",
          "schema_version": 0,
          "attributes": {
            "access_ip_v4": "10.10.10.104",
            "access_ip_v6": "",
            "admin_pass": null,
            "all_metadata": {
              "role": "target-linux",
              "subnet": "target"
            },
            "all_tags": [],
            "availability_zone": "nova",
            "availability_zone_hints": null,
            "block_device": [],
            "config_drive": null,
            "created": "2026-04-12 15:20:23 +0000 UTC",
            "flavor_id": "3a8045cb-65c0-4012-907f-860108451664",
            "flavor_name": "medium.6gb",
            "force_delete": false,
            "id": "e6703d54-40c9-47d5-b183-e509316e0a41",
            "image_id": "e1aee242-e9e2-4e49-bd56-5762130f2b30",
            "image_name": "rockylinux-10-server",
            "key_pair": "scp-lab-key",
            "metadata": {
              "role": "target-linux",
              "subnet": "target"
            },
            "name": "SCP-OPENVPN-01",
            "network": [
              {
                "access_network": false,
                "fixed_ip_v4": "10.10.10.104",
                "fixed_ip_v6": "",
                "mac": "fa:16:3e:63:cd:fb",
                "name": "scp-target-net",
                "port": "",
                "uuid": "eca242aa-b9aa-4d10-a35f-5a74b4e668f7"
              }
            ],
            "network_mode": null,
            "personality": [],
            "power_state": "active",
            "region": "CyberRange",
            "scheduler_hints": [],
            "security_groups": [
              "scp-target-sg"
            ],
            "stop_before_destroy": false,
            "tags": [],
            "timeouts": null,
            "updated": "2026-04-12 15:20:58 +0000 UTC",
            "user_data": null,
            "vendor_options": []
          },
          "sensitive_attributes": [
            [
              {
                "type": "get_attr",
                "value": "admin_pass"
              }
            ]
          ],
          "identity_schema_version": 0,
          "private": "eyJlMmJmYjczMC1lY2FhLTExZTYtOGY4OC0zNDM2M2JjN2M0YzAiOnsiY3JlYXRlIjoxODAwMDAwMDAwMDAwLCJkZWxldGUiOjE4MDAwMDAwMDAwMDAsInVwZGF0ZSI6MTgwMDAwMDAwMDAwMH19",
          "dependencies": [
            "openstack_compute_keypair_v2.scp_key",
            "openstack_networking_network_v2.target_net",
            "openstack_networking_secgroup_v2.target_sg"
          ]
        }
      ]
    },
    {
      "mode": "managed",
      "type": "openstack_compute_instance_v2",
      "name": "target_windows",
      "provider": "provider[\"registry.terraform.io/terraform-provider-openstack/openstack\"]",
      "instances": [
        {
          "index_key": "SCP-DC-01",
          "schema_version": 0,
          "attributes": {
            "access_ip_v4": "10.10.10.21",
            "access_ip_v6": "",
            "admin_pass": null,
            "all_metadata": {
              "role": "target-windows",
              "subnet": "target"
            },
            "all_tags": [],
            "availability_zone": "nova",
            "availability_zone_hints": null,
            "block_device": [],
            "config_drive": null,
            "created": "2026-04-12 15:20:23 +0000 UTC",
            "flavor_id": "0e7e2bcf-9a19-40e2-adde-f4da89263a66",
            "flavor_name": "large.12gb",
            "force_delete": false,
            "id": "46776ea5-d87c-43a5-a088-84124b0c4f0e",
            "image_id": "d05fa605-c188-45b8-a3d4-5bb0fe4560fa",
            "image_name": "WindowsServer2022",
            "key_pair": "scp-lab-key",
            "metadata": {
              "role": "target-windows",
              "subnet": "target"
            },
            "name": "SCP-DC-01",
            "network": [
              {
                "access_network": false,
                "fixed_ip_v4": "10.10.10.21",
                "fixed_ip_v6": "",
                "mac": "fa:16:3e:d1:73:5e",
                "name": "scp-target-net",
                "port": "",
                "uuid": "eca242aa-b9aa-4d10-a35f-5a74b4e668f7"
              }
            ],
            "network_mode": null,
            "personality": [],
            "power_state": "active",
            "region": "CyberRange",
            "scheduler_hints": [],
            "security_groups": [
              "scp-target-sg"
            ],
            "stop_before_destroy": false,
            "tags": [],
            "timeouts": null,
            "updated": "2026-04-12 15:24:25 +0000 UTC",
            "user_data": "78875e86cc3222d54a912eee435bbf9815e8479a",
            "vendor_options": []
          },
          "sensitive_attributes": [
            [
              {
                "type": "get_attr",
                "value": "admin_pass"
              }
            ]
          ],
          "identity_schema_version": 0,
          "private": "eyJlMmJmYjczMC1lY2FhLTExZTYtOGY4OC0zNDM2M2JjN2M0YzAiOnsiY3JlYXRlIjoxODAwMDAwMDAwMDAwLCJkZWxldGUiOjE4MDAwMDAwMDAwMDAsInVwZGF0ZSI6MTgwMDAwMDAwMDAwMH19",
          "dependencies": [
            "openstack_compute_keypair_v2.scp_key",
            "openstack_networking_network_v2.target_net",
            "openstack_networking_secgroup_v2.target_sg"
          ]
        },
        {
          "index_key": "SCP-SMB-01",
          "schema_version": 0,
          "attributes": {
            "access_ip_v4": "10.10.10.22",
            "access_ip_v6": "",
            "admin_pass": null,
            "all_metadata": {
              "role": "target-windows",
              "subnet": "target"
            },
            "all_tags": [],
            "availability_zone": "nova",
            "availability_zone_hints": null,
            "block_device": [],
            "config_drive": null,
            "created": "2026-04-12 15:20:24 +0000 UTC",
            "flavor_id": "0e7e2bcf-9a19-40e2-adde-f4da89263a66",
            "flavor_name": "large.12gb",
            "force_delete": false,
            "id": "0d2f2d3e-fadc-48f3-8ff4-43b587f89fa3",
            "image_id": "9cfe13f7-4938-4a24-a7cf-bbacf07b40ee",
            "image_name": "WindowsServer2019",
            "key_pair": "scp-lab-key",
            "metadata": {
              "role": "target-windows",
              "subnet": "target"
            },
            "name": "SCP-SMB-01",
            "network": [
              {
                "access_network": false,
                "fixed_ip_v4": "10.10.10.22",
                "fixed_ip_v6": "",
                "mac": "fa:16:3e:cd:ef:05",
                "name": "scp-target-net",
                "port": "",
                "uuid": "eca242aa-b9aa-4d10-a35f-5a74b4e668f7"
              }
            ],
            "network_mode": null,
            "personality": [],
            "power_state": "active",
            "region": "CyberRange",
            "scheduler_hints": [],
            "security_groups": [
              "scp-target-sg"
            ],
            "stop_before_destroy": false,
            "tags": [],
            "timeouts": null,
            "updated": "2026-04-12 15:24:03 +0000 UTC",
            "user_data": "c253c2cf223c9cbefca83b7932a4878a582b6973",
            "vendor_options": []
          },
          "sensitive_attributes": [
            [
              {
                "type": "get_attr",
                "value": "admin_pass"
              }
            ]
          ],
          "identity_schema_version": 0,
          "private": "eyJlMmJmYjczMC1lY2FhLTExZTYtOGY4OC0zNDM2M2JjN2M0YzAiOnsiY3JlYXRlIjoxODAwMDAwMDAwMDAwLCJkZWxldGUiOjE4MDAwMDAwMDAwMDAsInVwZGF0ZSI6MTgwMDAwMDAwMDAwMH19",
          "dependencies": [
            "openstack_compute_keypair_v2.scp_key",
            "openstack_networking_network_v2.target_net",
            "openstack_networking_secgroup_v2.target_sg"
          ]
        },
        {
          "index_key": "SCP-SMTP-01",
          "schema_version": 0,
          "attributes": {
            "access_ip_v4": "10.10.10.23",
            "access_ip_v6": "",
            "admin_pass": null,
            "all_metadata": {
              "role": "target-windows",
              "subnet": "target"
            },
            "all_tags": [],
            "availability_zone": "nova",
            "availability_zone_hints": null,
            "block_device": [],
            "config_drive": null,
            "created": "2026-04-12 15:20:23 +0000 UTC",
            "flavor_id": "0e7e2bcf-9a19-40e2-adde-f4da89263a66",
            "flavor_name": "large.12gb",
            "force_delete": false,
            "id": "722c2a6f-6e4c-4a3c-9aa9-d49a9ee68682",
            "image_id": "9cfe13f7-4938-4a24-a7cf-bbacf07b40ee",
            "image_name": "WindowsServer2019",
            "key_pair": "scp-lab-key",
            "metadata": {
              "role": "target-windows",
              "subnet": "target"
            },
            "name": "SCP-SMTP-01",
            "network": [
              {
                "access_network": false,
                "fixed_ip_v4": "10.10.10.23",
                "fixed_ip_v6": "",
                "mac": "fa:16:3e:cf:af:78",
                "name": "scp-target-net",
                "port": "",
                "uuid": "eca242aa-b9aa-4d10-a35f-5a74b4e668f7"
              }
            ],
            "network_mode": null,
            "personality": [],
            "power_state": "active",
            "region": "CyberRange",
            "scheduler_hints": [],
            "security_groups": [
              "scp-target-sg"
            ],
            "stop_before_destroy": false,
            "tags": [],
            "timeouts": null,
            "updated": "2026-04-12 15:23:49 +0000 UTC",
            "user_data": "f5ed070951a278a02b643e8bbdb2ffb10dc8342f",
            "vendor_options": []
          },
          "sensitive_attributes": [
            [
              {
                "type": "get_attr",
                "value": "admin_pass"
              }
            ]
          ],
          "identity_schema_version": 0,
          "private": "eyJlMmJmYjczMC1lY2FhLTExZTYtOGY4OC0zNDM2M2JjN2M0YzAiOnsiY3JlYXRlIjoxODAwMDAwMDAwMDAwLCJkZWxldGUiOjE4MDAwMDAwMDAwMDAsInVwZGF0ZSI6MTgwMDAwMDAwMDAwMH19",
          "dependencies": [
            "openstack_compute_keypair_v2.scp_key",
            "openstack_networking_network_v2.target_net",
            "openstack_networking_secgroup_v2.target_sg"
          ]
        }
      ]
    },
    {
      "mode": "managed",
      "type": "openstack_compute_keypair_v2",
      "name": "scp_key",
      "provider": "provider[\"registry.terraform.io/terraform-provider-openstack/openstack\"]",
      "instances": [
        {
          "schema_version": 0,
          "attributes": {
            "fingerprint": "50:74:43:0a:25:93:8a:55:fb:68:1b:58:de:94:13:24",
            "id": "scp-lab-key",
            "name": "scp-lab-key",
            "private_key": "",
            "public_key": "ssh-rsa AAAAB3NzaC1yc2EAAAADAQABAAACAQCsa438NFkMchSE2pEIZCH8m9PQjse0w8uBVwdwIzfePQLWWfNeVlmhRqPNqp2sQdar6N63do/k2upMztLX+1dOehM7EvMKb4Z03Rdmg5qWvFe2XiIjIVqs0qS86brpV5AQVrIkoxqID/qgS82OikqU7CmGuHwHjEX/Iz/hepQgTLWfMIrAnARBGc1RHA1x6ijY4Gsl2Gn9Lg7Jp2+fY6RL7ijg7bHoOkZcJD08Dbnz17Y+m2cb0SSJSS7AUS1ZvRtRZJ4POodtEB3lCpjw+R1/LHOgLMUhgMN+aWLV2dSIEjWI4awOoJTwnkw1wEfGC+ipcL23lwDzhB74IuVpEgiu0UZtjDXKgywEaglT3tppx0rX4CdFf3cCP9tfoxbqfnUxC9ocFtRKkJh6GeSf6RuJUBVjDJPEgDq1wMVFWuZ6nt4AMnxzq79nJHriEmCZYOVuQGTXFtSfCoI38/YYNKU2gYSyTe8ighfZGIdL4nxFhZgcX6mIsFvzRgxAd3wwh4Js6Hf92JWIJEo+MLMl+Qq8+AptNb5aAtdXTYSzGIfi9tx0nLaU7N9OUF866/ADabetSbU118h7orC5fu9HCpLKm1IzgdAd2l5HlawbsivoDdZuKuCbYyGcNYowrTiV6xOWjGStfwIeDcD6iFg27s0Wghp8Cs+OS8Fn4FQnanmvMQ== cory@DESKTOP-54G57TE\n",
            "region": "CyberRange",
            "user_id": "",
            "value_specs": null
          },
          "sensitive_attributes": [
            [
              {
                "type": "get_attr",
                "value": "private_key"
              }
            ]
          ],
          "identity_schema_version": 0,
          "private": "bnVsbA=="
        }
      ]
    },
    {
      "mode": "managed",
      "type": "openstack_networking_network_v2",
      "name": "red_net",
      "provider": "provider[\"registry.terraform.io/terraform-provider-openstack/openstack\"]",
      "instances": [
        {
          "schema_version": 0,
          "attributes": {
            "admin_state_up": true,
            "all_tags": [],
            "availability_zone_hints": [],
            "description": "",
            "dns_domain": "",
            "external": false,
            "id": "0b434052-6d29-4e9f-99ce-410f0672c828",
            "mtu": 1500,
            "name": "scp-red-net",
            "port_security_enabled": true,
            "qos_policy_id": "",
            "region": "CyberRange",
            "segments": [],
            "shared": false,
            "tags": [],
            "tenant_id": "4691a7506a3d4ffc800d79f1c8673ed8",
            "timeouts": null,
            "transparent_vlan": false,
            "value_specs": null
          },
          "sensitive_attributes": [],
          "identity_schema_version": 0,
          "private": "eyJlMmJmYjczMC1lY2FhLTExZTYtOGY4OC0zNDM2M2JjN2M0YzAiOnsiY3JlYXRlIjo2MDAwMDAwMDAwMDAsImRlbGV0ZSI6NjAwMDAwMDAwMDAwfX0="
        }
      ]
    },
    {
      "mode": "managed",
      "type": "openstack_networking_network_v2",
      "name": "target_net",
      "provider": "provider[\"registry.terraform.io/terraform-provider-openstack/openstack\"]",
      "instances": [
        {
          "schema_version": 0,
          "attributes": {
            "admin_state_up": true,
            "all_tags": [],
            "availability_zone_hints": [],
            "description": "",
            "dns_domain": "",
            "external": false,
            "id": "eca242aa-b9aa-4d10-a35f-5a74b4e668f7",
            "mtu": 1500,
            "name": "scp-target-net",
            "port_security_enabled": true,
            "qos_policy_id": "",
            "region": "CyberRange",
            "segments": [],
            "shared": false,
            "tags": [],
            "tenant_id": "4691a7506a3d4ffc800d79f1c8673ed8",
            "timeouts": null,
            "transparent_vlan": false,
            "value_specs": null
          },
          "sensitive_attributes": [],
          "identity_schema_version": 0,
          "private": "eyJlMmJmYjczMC1lY2FhLTExZTYtOGY4OC0zNDM2M2JjN2M0YzAiOnsiY3JlYXRlIjo2MDAwMDAwMDAwMDAsImRlbGV0ZSI6NjAwMDAwMDAwMDAwfX0="
        }
      ]
    },
    {
      "mode": "managed",
      "type": "openstack_networking_router_interface_v2",
      "name": "red_router_iface",
      "provider": "provider[\"registry.terraform.io/terraform-provider-openstack/openstack\"]",
      "instances": [
        {
          "schema_version": 0,
          "attributes": {
            "force_destroy": false,
            "id": "cc3c8bcd-f6af-496a-aa46-04d0de9af0e6",
            "port_id": "cc3c8bcd-f6af-496a-aa46-04d0de9af0e6",
            "region": "CyberRange",
            "router_id": "e5999c55-deb7-4109-896c-511e04142a64",
            "subnet_id": "05aa312b-e1b0-4dd0-8be6-f162d86128c9",
            "timeouts": null
          },
          "sensitive_attributes": [],
          "identity_schema_version": 0,
          "private": "eyJlMmJmYjczMC1lY2FhLTExZTYtOGY4OC0zNDM2M2JjN2M0YzAiOnsiY3JlYXRlIjo2MDAwMDAwMDAwMDAsImRlbGV0ZSI6NjAwMDAwMDAwMDAwfX0=",
          "dependencies": [
            "data.openstack_networking_network_v2.external",
            "openstack_networking_network_v2.red_net",
            "openstack_networking_router_v2.scp_router",
            "openstack_networking_subnet_v2.red_subnet"
          ]
        }
      ]
    },
    {
      "mode": "managed",
      "type": "openstack_networking_router_interface_v2",
      "name": "target_router_iface",
      "provider": "provider[\"registry.terraform.io/terraform-provider-openstack/openstack\"]",
      "instances": [
        {
          "schema_version": 0,
          "attributes": {
            "force_destroy": false,
            "id": "6675c907-d835-44cb-9d44-49d619754518",
            "port_id": "6675c907-d835-44cb-9d44-49d619754518",
            "region": "CyberRange",
            "router_id": "e5999c55-deb7-4109-896c-511e04142a64",
            "subnet_id": "35d30bac-6363-43a9-bb4e-911da0aa5647",
            "timeouts": null
          },
          "sensitive_attributes": [],
          "identity_schema_version": 0,
          "private": "eyJlMmJmYjczMC1lY2FhLTExZTYtOGY4OC0zNDM2M2JjN2M0YzAiOnsiY3JlYXRlIjo2MDAwMDAwMDAwMDAsImRlbGV0ZSI6NjAwMDAwMDAwMDAwfX0=",
          "dependencies": [
            "data.openstack_networking_network_v2.external",
            "openstack_networking_network_v2.target_net",
            "openstack_networking_router_v2.scp_router",
            "openstack_networking_subnet_v2.target_subnet"
          ]
        }
      ]
    },
    {
      "mode": "managed",
      "type": "openstack_networking_router_v2",
      "name": "scp_router",
      "provider": "provider[\"registry.terraform.io/terraform-provider-openstack/openstack\"]",
      "instances": [
        {
          "schema_version": 0,
          "attributes": {
            "admin_state_up": true,
            "all_tags": [],
            "availability_zone_hints": [],
            "description": "",
            "distributed": false,
            "enable_snat": true,
            "external_fixed_ip": [
              {
                "ip_address": "100.65.7.89",
                "subnet_id": "fbf166e0-4b80-420b-b346-521e5a06ad0e"
              }
            ],
            "external_network_id": "2f96295c-34f6-49a2-b5cf-7f5b407be0c8",
            "external_subnet_ids": null,
            "id": "e5999c55-deb7-4109-896c-511e04142a64",
            "name": "scp-router",
            "region": "CyberRange",
            "tags": [],
            "tenant_id": "4691a7506a3d4ffc800d79f1c8673ed8",
            "timeouts": null,
            "value_specs": null,
            "vendor_options": []
          },
          "sensitive_attributes": [],
          "identity_schema_version": 0,
          "private": "eyJlMmJmYjczMC1lY2FhLTExZTYtOGY4OC0zNDM2M2JjN2M0YzAiOnsiY3JlYXRlIjo2MDAwMDAwMDAwMDAsImRlbGV0ZSI6NjAwMDAwMDAwMDAwfX0=",
          "dependencies": [
            "data.openstack_networking_network_v2.external"
          ]
        }
      ]
    },
    {
      "mode": "managed",
      "type": "openstack_networking_secgroup_rule_v2",
      "name": "red_egress",
      "provider": "provider[\"registry.terraform.io/terraform-provider-openstack/openstack\"]",
      "instances": [
        {
          "schema_version": 0,
          "attributes": {
            "description": "",
            "direction": "egress",
            "ethertype": "IPv4",
            "id": "d286bfa2-9c0e-4415-b584-d4c2f3bd9dfc",
            "port_range_max": 0,
            "port_range_min": 0,
            "protocol": "",
            "region": "CyberRange",
            "remote_group_id": "",
            "remote_ip_prefix": "",
            "security_group_id": "89655a6c-94b2-4747-809f-53634e373abe",
            "tenant_id": "4691a7506a3d4ffc800d79f1c8673ed8",
            "timeouts": null
          },
          "sensitive_attributes": [],
          "identity_schema_version": 0,
          "private": "eyJlMmJmYjczMC1lY2FhLTExZTYtOGY4OC0zNDM2M2JjN2M0YzAiOnsiZGVsZXRlIjo2MDAwMDAwMDAwMDB9LCJzY2hlbWFfdmVyc2lvbiI6IjAifQ==",
          "dependencies": [
            "openstack_networking_secgroup_v2.red_sg"
          ]
        }
      ]
    },
    {
      "mode": "managed",
      "type": "openstack_networking_secgroup_rule_v2",
      "name": "red_from_target",
      "provider": "provider[\"registry.terraform.io/terraform-provider-openstack/openstack\"]",
      "instances": [
        {
          "schema_version": 0,
          "attributes": {
            "description": "",
            "direction": "ingress",
            "ethertype": "IPv4",
            "id": "a7cdbba3-d6b0-49ec-8cc7-9ac7b410d493",
            "port_range_max": 0,
            "port_range_min": 0,
            "protocol": "",
            "region": "CyberRange",
            "remote_group_id": "",
            "remote_ip_prefix": "10.10.10.0/24",
            "security_group_id": "89655a6c-94b2-4747-809f-53634e373abe",
            "tenant_id": "4691a7506a3d4ffc800d79f1c8673ed8",
            "timeouts": null
          },
          "sensitive_attributes": [],
          "identity_schema_version": 0,
          "private": "eyJlMmJmYjczMC1lY2FhLTExZTYtOGY4OC0zNDM2M2JjN2M0YzAiOnsiZGVsZXRlIjo2MDAwMDAwMDAwMDB9fQ==",
          "dependencies": [
            "openstack_networking_secgroup_v2.red_sg"
          ]
        }
      ]
    },
    {
      "mode": "managed",
      "type": "openstack_networking_secgroup_rule_v2",
      "name": "red_internal",
      "provider": "provider[\"registry.terraform.io/terraform-provider-openstack/openstack\"]",
      "instances": [
        {
          "schema_version": 0,
          "attributes": {
            "description": "",
            "direction": "ingress",
            "ethertype": "IPv4",
            "id": "48eaf409-c6f2-452a-81f3-13a541ce05b1",
            "port_range_max": 0,
            "port_range_min": 0,
            "protocol": "",
            "region": "CyberRange",
            "remote_group_id": "",
            "remote_ip_prefix": "10.10.100.0/24",
            "security_group_id": "89655a6c-94b2-4747-809f-53634e373abe",
            "tenant_id": "4691a7506a3d4ffc800d79f1c8673ed8",
            "timeouts": null
          },
          "sensitive_attributes": [],
          "identity_schema_version": 0,
          "private": "eyJlMmJmYjczMC1lY2FhLTExZTYtOGY4OC0zNDM2M2JjN2M0YzAiOnsiZGVsZXRlIjo2MDAwMDAwMDAwMDB9fQ==",
          "dependencies": [
            "openstack_networking_secgroup_v2.red_sg"
          ]
        }
      ]
    },
    {
      "mode": "managed",
      "type": "openstack_networking_secgroup_rule_v2",
      "name": "red_ssh_mgmt",
      "provider": "provider[\"registry.terraform.io/terraform-provider-openstack/openstack\"]",
      "instances": [
        {
          "schema_version": 0,
          "attributes": {
            "description": "",
            "direction": "ingress",
            "ethertype": "IPv4",
            "id": "b305ae2d-a759-4eb2-b800-cc155cce2e15",
            "port_range_max": 22,
            "port_range_min": 22,
            "protocol": "tcp",
            "region": "CyberRange",
            "remote_group_id": "",
            "remote_ip_prefix": "0.0.0.0/0",
            "security_group_id": "89655a6c-94b2-4747-809f-53634e373abe",
            "tenant_id": "4691a7506a3d4ffc800d79f1c8673ed8",
            "timeouts": null
          },
          "sensitive_attributes": [],
          "identity_schema_version": 0,
          "private": "eyJlMmJmYjczMC1lY2FhLTExZTYtOGY4OC0zNDM2M2JjN2M0YzAiOnsiZGVsZXRlIjo2MDAwMDAwMDAwMDB9fQ==",
          "dependencies": [
            "openstack_networking_secgroup_v2.red_sg"
          ]
        }
      ]
    },
    {
      "mode": "managed",
      "type": "openstack_networking_secgroup_rule_v2",
      "name": "target_egress",
      "provider": "provider[\"registry.terraform.io/terraform-provider-openstack/openstack\"]",
      "instances": [
        {
          "schema_version": 0,
          "attributes": {
            "description": "",
            "direction": "egress",
            "ethertype": "IPv4",
            "id": "ce868ac7-da4f-4b62-825d-e5e21473d4bf",
            "port_range_max": 0,
            "port_range_min": 0,
            "protocol": "",
            "region": "CyberRange",
            "remote_group_id": "",
            "remote_ip_prefix": "",
            "security_group_id": "20a80b97-9c19-4f91-8a33-644af076d9e9",
            "tenant_id": "4691a7506a3d4ffc800d79f1c8673ed8",
            "timeouts": null
          },
          "sensitive_attributes": [],
          "identity_schema_version": 0,
          "private": "eyJlMmJmYjczMC1lY2FhLTExZTYtOGY4OC0zNDM2M2JjN2M0YzAiOnsiZGVsZXRlIjo2MDAwMDAwMDAwMDB9LCJzY2hlbWFfdmVyc2lvbiI6IjAifQ==",
          "dependencies": [
            "openstack_networking_secgroup_v2.target_sg"
          ]
        }
      ]
    },
    {
      "mode": "managed",
      "type": "openstack_networking_secgroup_rule_v2",
      "name": "target_from_red",
      "provider": "provider[\"registry.terraform.io/terraform-provider-openstack/openstack\"]",
      "instances": [
        {
          "schema_version": 0,
          "attributes": {
            "description": "",
            "direction": "ingress",
            "ethertype": "IPv4",
            "id": "660ececa-d2b2-4288-bd51-3c3e26de6fe2",
            "port_range_max": 0,
            "port_range_min": 0,
            "protocol": "",
            "region": "CyberRange",
            "remote_group_id": "",
            "remote_ip_prefix": "10.10.100.0/24",
            "security_group_id": "20a80b97-9c19-4f91-8a33-644af076d9e9",
            "tenant_id": "4691a7506a3d4ffc800d79f1c8673ed8",
            "timeouts": null
          },
          "sensitive_attributes": [],
          "identity_schema_version": 0,
          "private": "eyJlMmJmYjczMC1lY2FhLTExZTYtOGY4OC0zNDM2M2JjN2M0YzAiOnsiZGVsZXRlIjo2MDAwMDAwMDAwMDB9fQ==",
          "dependencies": [
            "openstack_networking_secgroup_v2.target_sg"
          ]
        }
      ]
    },
    {
      "mode": "managed",
      "type": "openstack_networking_secgroup_rule_v2",
      "name": "target_internal",
      "provider": "provider[\"registry.terraform.io/terraform-provider-openstack/openstack\"]",
      "instances": [
        {
          "schema_version": 0,
          "attributes": {
            "description": "",
            "direction": "ingress",
            "ethertype": "IPv4",
            "id": "8384f19e-85ee-405c-9a80-0e989412726d",
            "port_range_max": 0,
            "port_range_min": 0,
            "protocol": "",
            "region": "CyberRange",
            "remote_group_id": "",
            "remote_ip_prefix": "10.10.10.0/24",
            "security_group_id": "20a80b97-9c19-4f91-8a33-644af076d9e9",
            "tenant_id": "4691a7506a3d4ffc800d79f1c8673ed8",
            "timeouts": null
          },
          "sensitive_attributes": [],
          "identity_schema_version": 0,
          "private": "eyJlMmJmYjczMC1lY2FhLTExZTYtOGY4OC0zNDM2M2JjN2M0YzAiOnsiZGVsZXRlIjo2MDAwMDAwMDAwMDB9fQ==",
          "dependencies": [
            "openstack_networking_secgroup_v2.target_sg"
          ]
        }
      ]
    },
    {
      "mode": "managed",
      "type": "openstack_networking_secgroup_rule_v2",
      "name": "target_ssh_mgmt",
      "provider": "provider[\"registry.terraform.io/terraform-provider-openstack/openstack\"]",
      "instances": [
        {
          "schema_version": 0,
          "attributes": {
            "description": "",
            "direction": "ingress",
            "ethertype": "IPv4",
            "id": "5162f345-cb96-4173-bc24-8153932fd085",
            "port_range_max": 22,
            "port_range_min": 22,
            "protocol": "tcp",
            "region": "CyberRange",
            "remote_group_id": "",
            "remote_ip_prefix": "0.0.0.0/0",
            "security_group_id": "20a80b97-9c19-4f91-8a33-644af076d9e9",
            "tenant_id": "4691a7506a3d4ffc800d79f1c8673ed8",
            "timeouts": null
          },
          "sensitive_attributes": [],
          "identity_schema_version": 0,
          "private": "eyJlMmJmYjczMC1lY2FhLTExZTYtOGY4OC0zNDM2M2JjN2M0YzAiOnsiZGVsZXRlIjo2MDAwMDAwMDAwMDB9fQ==",
          "dependencies": [
            "openstack_networking_secgroup_v2.target_sg"
          ]
        }
      ]
    },
    {
      "mode": "managed",
      "type": "openstack_networking_secgroup_rule_v2",
      "name": "target_winrm",
      "provider": "provider[\"registry.terraform.io/terraform-provider-openstack/openstack\"]",
      "instances": [
        {
          "schema_version": 0,
          "attributes": {
            "description": "",
            "direction": "ingress",
            "ethertype": "IPv4",
            "id": "09b36350-c0db-441a-adff-ad883d73e6a2",
            "port_range_max": 5986,
            "port_range_min": 5985,
            "protocol": "tcp",
            "region": "CyberRange",
            "remote_group_id": "",
            "remote_ip_prefix": "0.0.0.0/0",
            "security_group_id": "20a80b97-9c19-4f91-8a33-644af076d9e9",
            "tenant_id": "4691a7506a3d4ffc800d79f1c8673ed8",
            "timeouts": null
          },
          "sensitive_attributes": [],
          "identity_schema_version": 0,
          "private": "eyJlMmJmYjczMC1lY2FhLTExZTYtOGY4OC0zNDM2M2JjN2M0YzAiOnsiZGVsZXRlIjo2MDAwMDAwMDAwMDB9fQ==",
          "dependencies": [
            "openstack_networking_secgroup_v2.target_sg"
          ]
        }
      ]
    },
    {
      "mode": "managed",
      "type": "openstack_networking_secgroup_v2",
      "name": "red_sg",
      "provider": "provider[\"registry.terraform.io/terraform-provider-openstack/openstack\"]",
      "instances": [
        {
          "schema_version": 0,
          "attributes": {
            "all_tags": [],
            "delete_default_rules": null,
            "description": "Red team subnet",
            "id": "89655a6c-94b2-4747-809f-53634e373abe",
            "name": "scp-red-sg",
            "region": "CyberRange",
            "stateful": true,
            "tags": [],
            "tenant_id": "4691a7506a3d4ffc800d79f1c8673ed8",
            "timeouts": null
          },
          "sensitive_attributes": [],
          "identity_schema_version": 0,
          "private": "eyJlMmJmYjczMC1lY2FhLTExZTYtOGY4OC0zNDM2M2JjN2M0YzAiOnsiZGVsZXRlIjo2MDAwMDAwMDAwMDB9fQ=="
        }
      ]
    },
    {
      "mode": "managed",
      "type": "openstack_networking_secgroup_v2",
      "name": "target_sg",
      "provider": "provider[\"registry.terraform.io/terraform-provider-openstack/openstack\"]",
      "instances": [
        {
          "schema_version": 0,
          "attributes": {
            "all_tags": [],
            "delete_default_rules": null,
            "description": "Target subnet - open internally, red team access allowed",
            "id": "20a80b97-9c19-4f91-8a33-644af076d9e9",
            "name": "scp-target-sg",
            "region": "CyberRange",
            "stateful": true,
            "tags": [],
            "tenant_id": "4691a7506a3d4ffc800d79f1c8673ed8",
            "timeouts": null
          },
          "sensitive_attributes": [],
          "identity_schema_version": 0,
          "private": "eyJlMmJmYjczMC1lY2FhLTExZTYtOGY4OC0zNDM2M2JjN2M0YzAiOnsiZGVsZXRlIjo2MDAwMDAwMDAwMDB9fQ=="
        }
      ]
    },
    {
      "mode": "managed",
      "type": "openstack_networking_subnet_v2",
      "name": "red_subnet",
      "provider": "provider[\"registry.terraform.io/terraform-provider-openstack/openstack\"]",
      "instances": [
        {
          "schema_version": 0,
          "attributes": {
            "all_tags": [],
            "allocation_pool": [
              {
                "end": "10.10.100.200",
                "start": "10.10.100.10"
              }
            ],
            "cidr": "10.10.100.0/24",
            "description": "",
            "dns_nameservers": [
              "8.8.8.8",
              "8.8.4.4"
            ],
            "dns_publish_fixed_ip": false,
            "enable_dhcp": true,
            "gateway_ip": "10.10.100.1",
            "id": "05aa312b-e1b0-4dd0-8be6-f162d86128c9",
            "ip_version": 4,
            "ipv6_address_mode": "",
            "ipv6_ra_mode": "",
            "name": "scp-red-subnet",
            "network_id": "0b434052-6d29-4e9f-99ce-410f0672c828",
            "no_gateway": false,
            "prefix_length": null,
            "region": "CyberRange",
            "service_types": [],
            "subnetpool_id": "",
            "tags": [],
            "tenant_id": "4691a7506a3d4ffc800d79f1c8673ed8",
            "timeouts": null,
            "value_specs": null
          },
          "sensitive_attributes": [],
          "identity_schema_version": 0,
          "private": "eyJlMmJmYjczMC1lY2FhLTExZTYtOGY4OC0zNDM2M2JjN2M0YzAiOnsiY3JlYXRlIjo2MDAwMDAwMDAwMDAsImRlbGV0ZSI6NjAwMDAwMDAwMDAwfX0=",
          "dependencies": [
            "openstack_networking_network_v2.red_net"
          ]
        }
      ]
    },
    {
      "mode": "managed",
      "type": "openstack_networking_subnet_v2",
      "name": "target_subnet",
      "provider": "provider[\"registry.terraform.io/terraform-provider-openstack/openstack\"]",
      "instances": [
        {
          "schema_version": 0,
          "attributes": {
            "all_tags": [],
            "allocation_pool": [
              {
                "end": "10.10.10.200",
                "start": "10.10.10.10"
              }
            ],
            "cidr": "10.10.10.0/24",
            "description": "",
            "dns_nameservers": [
              "8.8.8.8",
              "8.8.4.4"
            ],
            "dns_publish_fixed_ip": false,
            "enable_dhcp": true,
            "gateway_ip": "10.10.10.1",
            "id": "35d30bac-6363-43a9-bb4e-911da0aa5647",
            "ip_version": 4,
            "ipv6_address_mode": "",
            "ipv6_ra_mode": "",
            "name": "scp-target-subnet",
            "network_id": "eca242aa-b9aa-4d10-a35f-5a74b4e668f7",
            "no_gateway": false,
            "prefix_length": null,
            "region": "CyberRange",
            "service_types": [],
            "subnetpool_id": "",
            "tags": [],
            "tenant_id": "4691a7506a3d4ffc800d79f1c8673ed8",
            "timeouts": null,
            "value_specs": null
          },
          "sensitive_attributes": [],
          "identity_schema_version": 0,
          "private": "eyJlMmJmYjczMC1lY2FhLTExZTYtOGY4OC0zNDM2M2JjN2M0YzAiOnsiY3JlYXRlIjo2MDAwMDAwMDAwMDAsImRlbGV0ZSI6NjAwMDAwMDAwMDAwfX0=",
          "dependencies": [
            "openstack_networking_network_v2.target_net"
          ]
        }
      ]
    }
  ],
  "check_results": null
}
